// !$*UTF8*$!
{
	archiveVersion = 1;
	classes = {
	};
	objectVersion = 46;
	objects = {

/* Begin PBXBuildFile section */
		B03504B2199DAC760070935D /* main.cpp in Sources */ = {isa = PBXBuildFile; fileRef = B03504B1199DAC760070935D /* main.cpp */; };
		B03504B4199DAC760070935D /* Prob77.1 in CopyFiles */ = {isa = PBXBuildFile; fileRef = B03504B3199DAC760070935D /* Prob77.1 */; };
/* End PBXBuildFile section */

/* Begin PBXCopyFilesBuildPhase section */
		B03504AC199DAC760070935D /* CopyFiles */ = {
			isa = PBXCopyFilesBuildPhase;
			buildActionMask = 2147483647;
			dstPath = /usr/share/man/man1/;
			dstSubfolderSpec = 0;
			files = (
				B03504B4199DAC760070935D /* Prob77.1 in CopyFiles */,
			);
			runOnlyForDeploymentPostprocessing = 1;
		};
/* End PBXCopyFilesBuildPhase section */

/* Begin PBXFileReference section */
		B03504AE199DAC760070935D /* Prob77 */ = {isa = PBXFileReference; explicitFileType = "compiled.mach-o.executable"; includeInIndex = 0; path = Prob77; sourceTree = BUILT_PRODUCTS_DIR; };
		B03504B1199DAC760070935D /* main.cpp */ = {isa = PBXFileReference; lastKnownFileType = sourcecode.cpp.cpp; path = main.cpp; sourceTree = "<group>"; };
		B03504B3199DAC760070935D /* Prob77.1 */ = {isa = PBXFileReference; lastKnownFileType = text.man; path = Prob77.1; sourceTree = "<group>"; };
/* End PBXFileReference section */

/* Begin PBXFrameworksBuildPhase section */
		B03504AB199DAC760070935D /* Frameworks */ = {
			isa = PBXFrameworksBuildPhase;
			buildActionMask = 2147483647;
			files = (
			);
			runOnlyForDeploymentPostprocessing = 0;
		};
/* End PBXFrameworksBuildPhase section */

/* Begin PBXGroup section */
		B03504A5199DAC760070935D = {
			isa = PBXGroup;
			children = (
				B03504B0199DAC760070935D /* Prob77 */,
				B03504AF199DAC760070935D /* Products */,
			);
			sourceTree = "<group>";
		};
		B03504AF199DAC760070935D /* Products */ = {
			isa = PBXGroup;
			children = (
				B03504AE199DAC760070935D /* Prob77 */,
			);
			name = Products;
			sourceTree = "<group>";
		};
		B03504B0199DAC760070935D /* Prob77 */ = {
			isa = PBXGroup;
			children = (
				B03504B1199DAC760070935D /* main.cpp */,
				B03504B3199DAC760070935D /* Prob77.1 */,
			);
			path = Prob77;
			sourceTree = "<group>";
		};
/* End PBXGroup section */

/* Begin PBXNativeTarget section */
		B03504AD199DAC760070935D /* Prob77 */ = {
			isa = PBXNativeTarget;
			buildConfigurationList = B03504B7199DAC760070935D /* Build configuration list for PBXNativeTarget "Prob77" */;
			buildPhases = (
				B03504AA199DAC760070935D /* Sources */,
				B03504AB199DAC760070935D /* Frameworks */,
				B03504AC199DAC760070935D /* CopyFiles */,
			);
			buildRules = (
			);
			dependencies = (
			);
			name = Prob77;
			productName = Prob77;
			productReference = B03504AE199DAC760070935D /* Prob77 */;
			productType = "com.apple.product-type.tool";
		};
/* End PBXNativeTarget section */

/* Begin PBXProject section */
		B03504A6199DAC760070935D /* Project object */ = {
			isa = PBXProject;
			attributes = {
				LastUpgradeCheck = 0510;
				ORGANIZATIONNAME = Wayne;
			};
			buildConfigurationList = B03504A9199DAC760070935D /* Build configuration list for PBXProject "Prob77" */;
			compatibilityVersion = "Xcode 3.2";
			developmentRegion = English;
			hasScannedForEncodings = 0;
			knownRegions = (
				en,
			);
			mainGroup = B03504A5199DAC760070935D;
			productRefGroup = B03504AF199DAC760070935D /* Products */;
			projectDirPath = "";
			projectRoot = "";
			targets = (
				B03504AD199DAC760070935D /* Prob77 */,
			);
		};
/* End PBXProject section */

/* Begin PBXSourcesBuildPhase section */
		B03504AA199DAC760070935D /* Sources */ = {
			isa = PBXSourcesBuildPhase;
			buildActionMask = 2147483647;
			files = (
				B03504B2199DAC760070935D /* main.cpp in Sources */,
			);
			runOnlyForDeploymentPostprocessing = 0;
		};
/* End PBXSourcesBuildPhase section */

/* Begin XCBuildConfiguration section */
		B03504B5199DAC760070935D /* Debug */ = {
			isa = XCBuildConfiguration;
			buildSettings = {
				ALWAYS_SEARCH_USER_PATHS = NO;
				CLANG_CXX_LANGUAGE_STANDARD = "gnu++0x";
				CLANG_CXX_LIBRARY = "libc++";
				CLANG_ENABLE_MODULES = YES;
				CLANG_ENABLE_OBJC_ARC = YES;
				CLANG_WARN_BOOL_CONVERSION = YES;
				CLANG_WARN_CONSTANT_CONVERSION = YES;
				CLANG_WARN_DIRECT_OBJC_ISA_USAGE = YES_ERROR;
				CLANG_WARN_EMPTY_BODY = YES;
				CLANG_WARN_ENUM_CONVERSION = YES;
				CLANG_WARN_INT_CONVERSION = YES;
				CLANG_WARN_OBJC_ROOT_CLASS = YES_ERROR;
				CLANG_WARN__DUPLICATE_METHOD_MATCH = YES;
				COPY_PHASE_STRIP = NO;
				GCC_C_LANGUAGE_STANDARD = gnu99;
				GCC_DYNAMIC_NO_PIC = NO;
				GCC_ENABLE_OBJC_EXCEPTIONS = YES;
				GCC_OPTIMIZATION_LEVEL = 0;
				GCC_PREPROCESSOR_DEFINITIONS = (
					"DEBUG=1",
					"$(inherited)",
				);
				GCC_SYMBOLS_PRIVATE_EXTERN = NO;
				GCC_WARN_64_TO_32_BIT_CONVERSION = YES;
				GCC_WARN_ABOUT_RETURN_TYPE = YES_ERROR;
				GCC_WARN_UNDECLARED_SELECTOR = YES;
				GCC_WARN_UNINITIALIZED_AUTOS = YES_AGGRESSIVE;
				GCC_WARN_UNUSED_FUNCTION = YES;
				GCC_WARN_UNUSED_VARIABLE = YES;
				MACOSX_DEPLOYMENT_TARGET = 10.9;
				ONLY_ACTIVE_ARCH = YES;
				SDKROOT = macosx;
			};
			name = Debug;
		};
		B03504B6199DAC760070935D /* Release */ = {
			isa = XCBuildConfiguration;
			buildSettings = {
				ALWAYS_SEARCH_USER_PATHS = NO;
				CLANG_CXX_LANGUAGE_STANDARD = "gnu++0x";
				CLANG_CXX_LIBRARY = "libc++";
				CLANG_ENABLE_MODULES = YES;
				CLANG_ENABLE_OBJC_ARC = YES;
				CLANG_WARN_BOOL_CONVERSION = YES;
				CLANG_WARN_CONSTANT_CONVERSION = YES;
				CLANG_WARN_DIRECT_OBJC_ISA_USAGE = YES_ERROR;
				CLANG_WARN_EMPTY_BODY = YES;
				CLANG_WARN_ENUM_CONVERSION = YES;
				CLANG_WARN_INT_CONVERSION = YES;
				CLANG_WARN_OBJC_ROOT_CLASS = YES_ERROR;
				CLANG_WARN__DUPLICATE_METHOD_MATCH = YES;
				COPY_PHASE_STRIP = YES;
				DEBUG_INFORMATION_FORMAT = "dwarf-with-dsym";
				ENABLE_NS_ASSERTIONS = NO;
				GCC_C_LANGUAGE_STANDARD = gnu99;
				GCC_ENABLE_OBJC_EXCEPTIONS = YES;
				GCC_WARN_64_TO_32_BIT_CONVERSION = YES;
				GCC_WARN_ABOUT_RETURN_TYPE = YES_ERROR;
				GCC_WARN_UNDECLARED_SELECTOR = YES;
				GCC_WARN_UNINITIALIZED_AUTOS = YES_AGGRESSIVE;
				GCC_WARN_UNUSED_FUNCTION = YES;
				GCC_WARN_UNUSED_VARIABLE = YES;
				MACOSX_DEPLOYMENT_TARGET = 10.9;
				SDKROOT = macosx;
			};
			name = Release;
		};
		B03504B8199DAC760070935D /* Debug */ = {
			isa = XCBuildConfiguration;
			buildSettings = {
				PRODUCT_NAME = "$(TARGET_NAME)";
			};
			name = Debug;
		};
		B03504B9199DAC760070935D /* Release */ = {
			isa = XCBuildConfiguration;
			buildSettings = {
				PRODUCT_NAME = "$(TARGET_NAME)";
			};
			name = Release;
		};
/* End XCBuildConfiguration section */

/* Begin XCConfigurationList section */
		B03504A9199DAC760070935D /* Build configuration list for PBXProject "Prob77" */ = {
			isa = XCConfigurationList;
			buildConfigurations = (
				B03504B5199DAC760070935D /* Debug */,
				B03504B6199DAC760070935D /* Release */,
			);
			defaultConfigurationIsVisible = 0;
			defaultConfigurationName = Release;
		};
		B03504B7199DAC760070935D /* Build configuration list for PBXNativeTarget "Prob77" */ = {
			isa = XCConfigurationList;
			buildConfigurations = (
				B03504B8199DAC760070935D /* Debug */,
				B03504B9199DAC760070935D /* Release */,
			);
			defaultConfigurationIsVisible = 0;
		};
/* End XCConfigurationList section */
	};
	rootObject = B03504A6199DAC760070935D /* Project object */;
}
